// !$*UTF8*$!
{
	archiveVersion = 1;
	classes = {
	};
	objectVersion = 48;
	objects = {

/* Begin PBXBuildFile section */
		B891F62920301BCA0003584A /* AppDelegate.m in Sources */ = {isa = PBXBuildFile; fileRef = B891F62820301BCA0003584A /* AppDelegate.m */; };
		B891F62F20301BCB0003584A /* Main.storyboard in Resources */ = {isa = PBXBuildFile; fileRef = B891F62D20301BCB0003584A /* Main.storyboard */; };
		B891F63120301BCB0003584A /* Assets.xcassets in Resources */ = {isa = PBXBuildFile; fileRef = B891F63020301BCB0003584A /* Assets.xcassets */; };
		B891F63420301BCB0003584A /* LaunchScreen.storyboard in Resources */ = {isa = PBXBuildFile; fileRef = B891F63220301BCB0003584A /* LaunchScreen.storyboard */; };
		B891F63720301BCB0003584A /* main.m in Sources */ = {isa = PBXBuildFile; fileRef = B891F63620301BCB0003584A /* main.m */; };
		B891F64120301BCB0003584A /* AboutCanadaTests.m in Sources */ = {isa = PBXBuildFile; fileRef = B891F64020301BCB0003584A /* AboutCanadaTests.m */; };
		B891F64E20301DEE0003584A /* LoginViewController.m in Sources */ = {isa = PBXBuildFile; fileRef = B891F64D20301DEE0003584A /* LoginViewController.m */; };
		B891F652203026E20003584A /* ListViewController.m in Sources */ = {isa = PBXBuildFile; fileRef = B891F651203026E20003584A /* ListViewController.m */; };
		B891F66120303ECB0003584A /* ListDataModel.m in Sources */ = {isa = PBXBuildFile; fileRef = B891F66020303ECB0003584A /* ListDataModel.m */; };
		B8D272B1203089C600343907 /* ListViewCell.m in Sources */ = {isa = PBXBuildFile; fileRef = B8D272AF203089C600343907 /* ListViewCell.m */; };
		B8D272B2203089C600343907 /* ListViewCell.xib in Resources */ = {isa = PBXBuildFile; fileRef = B8D272B0203089C600343907 /* ListViewCell.xib */; };
/* End PBXBuildFile section */

/* Begin PBXContainerItemProxy section */
		B891F63D20301BCB0003584A /* PBXContainerItemProxy */ = {
			isa = PBXContainerItemProxy;
			containerPortal = B891F61C20301BCA0003584A /* Project object */;
			proxyType = 1;
			remoteGlobalIDString = B891F62320301BCA0003584A;
			remoteInfo = AboutCanada;
		};
/* End PBXContainerItemProxy section */

/* Begin PBXFileReference section */
		B891F62420301BCA0003584A /* AboutCanada.app */ = {isa = PBXFileReference; explicitFileType = wrapper.application; includeInIndex = 0; path = AboutCanada.app; sourceTree = BUILT_PRODUCTS_DIR; };
		B891F62720301BCA0003584A /* AppDelegate.h */ = {isa = PBXFileReference; lastKnownFileType = sourcecode.c.h; path = AppDelegate.h; sourceTree = "<group>"; };
		B891F62820301BCA0003584A /* AppDelegate.m */ = {isa = PBXFileReference; lastKnownFileType = sourcecode.c.objc; path = AppDelegate.m; sourceTree = "<group>"; };
		B891F62E20301BCB0003584A /* Base */ = {isa = PBXFileReference; lastKnownFileType = file.storyboard; name = Base; path = Base.lproj/Main.storyboard; sourceTree = "<group>"; };
		B891F63020301BCB0003584A /* Assets.xcassets */ = {isa = PBXFileReference; lastKnownFileType = folder.assetcatalog; path = Assets.xcassets; sourceTree = "<group>"; };
		B891F63320301BCB0003584A /* Base */ = {isa = PBXFileReference; lastKnownFileType = file.storyboard; name = Base; path = Base.lproj/LaunchScreen.storyboard; sourceTree = "<group>"; };
		B891F63520301BCB0003584A /* Info.plist */ = {isa = PBXFileReference; lastKnownFileType = text.plist.xml; path = Info.plist; sourceTree = "<group>"; };
		B891F63620301BCB0003584A /* main.m */ = {isa = PBXFileReference; lastKnownFileType = sourcecode.c.objc; path = main.m; sourceTree = "<group>"; };
		B891F63C20301BCB0003584A /* AboutCanadaTests.xctest */ = {isa = PBXFileReference; explicitFileType = wrapper.cfbundle; includeInIndex = 0; path = AboutCanadaTests.xctest; sourceTree = BUILT_PRODUCTS_DIR; };
		B891F64020301BCB0003584A /* AboutCanadaTests.m */ = {isa = PBXFileReference; lastKnownFileType = sourcecode.c.objc; path = AboutCanadaTests.m; sourceTree = "<group>"; };
		B891F64220301BCB0003584A /* Info.plist */ = {isa = PBXFileReference; lastKnownFileType = text.plist.xml; path = Info.plist; sourceTree = "<group>"; };
		B891F64C20301DEE0003584A /* LoginViewController.h */ = {isa = PBXFileReference; fileEncoding = 4; lastKnownFileType = sourcecode.c.h; path = LoginViewController.h; sourceTree = "<group>"; };
		B891F64D20301DEE0003584A /* LoginViewController.m */ = {isa = PBXFileReference; fileEncoding = 4; lastKnownFileType = sourcecode.c.objc; path = LoginViewController.m; sourceTree = "<group>"; };
		B891F650203026E20003584A /* ListViewController.h */ = {isa = PBXFileReference; lastKnownFileType = sourcecode.c.h; path = ListViewController.h; sourceTree = "<group>"; };
		B891F651203026E20003584A /* ListViewController.m */ = {isa = PBXFileReference; lastKnownFileType = sourcecode.c.objc; path = ListViewController.m; sourceTree = "<group>"; };
		B891F65F20303ECB0003584A /* ListDataModel.h */ = {isa = PBXFileReference; lastKnownFileType = sourcecode.c.h; path = ListDataModel.h; sourceTree = "<group>"; };
		B891F66020303ECB0003584A /* ListDataModel.m */ = {isa = PBXFileReference; lastKnownFileType = sourcecode.c.objc; path = ListDataModel.m; sourceTree = "<group>"; };
		B8D272AE203089C600343907 /* ListViewCell.h */ = {isa = PBXFileReference; lastKnownFileType = sourcecode.c.h; path = ListViewCell.h; sourceTree = "<group>"; };
		B8D272AF203089C600343907 /* ListViewCell.m */ = {isa = PBXFileReference; lastKnownFileType = sourcecode.c.objc; path = ListViewCell.m; sourceTree = "<group>"; };
		B8D272B0203089C600343907 /* ListViewCell.xib */ = {isa = PBXFileReference; lastKnownFileType = file.xib; path = ListViewCell.xib; sourceTree = "<group>"; };
/* End PBXFileReference section */

/* Begin PBXFrameworksBuildPhase section */
		B891F62120301BCA0003584A /* Frameworks */ = {
			isa = PBXFrameworksBuildPhase;
			buildActionMask = 2147483647;
			files = (
			);
			runOnlyForDeploymentPostprocessing = 0;
		};
		B891F63920301BCB0003584A /* Frameworks */ = {
			isa = PBXFrameworksBuildPhase;
			buildActionMask = 2147483647;
			files = (
			);
			runOnlyForDeploymentPostprocessing = 0;
		};
/* End PBXFrameworksBuildPhase section */

/* Begin PBXGroup section */
		B891F61B20301BCA0003584A = {
			isa = PBXGroup;
			children = (
				B891F62620301BCA0003584A /* AboutCanada */,
				B891F63F20301BCB0003584A /* AboutCanadaTests */,
				B891F62520301BCA0003584A /* Products */,
			);
			sourceTree = "<group>";
		};
		B891F62520301BCA0003584A /* Products */ = {
			isa = PBXGroup;
			children = (
				B891F62420301BCA0003584A /* AboutCanada.app */,
				B891F63C20301BCB0003584A /* AboutCanadaTests.xctest */,
			);
			name = Products;
			sourceTree = "<group>";
		};
		B891F62620301BCA0003584A /* AboutCanada */ = {
			isa = PBXGroup;
			children = (
				B891F65E20303EA00003584A /* Model */,
				B891F65420302E020003584A /* CustomCell */,
				B891F64F203026C40003584A /* Home */,
				B891F62720301BCA0003584A /* AppDelegate.h */,
				B891F62820301BCA0003584A /* AppDelegate.m */,
				B891F64B20301DEE0003584A /* Login */,
				B891F62D20301BCB0003584A /* Main.storyboard */,
				B891F63020301BCB0003584A /* Assets.xcassets */,
				B891F63220301BCB0003584A /* LaunchScreen.storyboard */,
				B891F63520301BCB0003584A /* Info.plist */,
				B891F63620301BCB0003584A /* main.m */,
			);
			path = AboutCanada;
			sourceTree = "<group>";
		};
		B891F63F20301BCB0003584A /* AboutCanadaTests */ = {
			isa = PBXGroup;
			children = (
				B891F64020301BCB0003584A /* AboutCanadaTests.m */,
				B891F64220301BCB0003584A /* Info.plist */,
			);
			path = AboutCanadaTests;
			sourceTree = "<group>";
		};
		B891F64B20301DEE0003584A /* Login */ = {
			isa = PBXGroup;
			children = (
				B891F64C20301DEE0003584A /* LoginViewController.h */,
				B891F64D20301DEE0003584A /* LoginViewController.m */,
			);
			path = Login;
			sourceTree = "<group>";
		};
		B891F64F203026C40003584A /* Home */ = {
			isa = PBXGroup;
			children = (
				B891F650203026E20003584A /* ListViewController.h */,
				B891F651203026E20003584A /* ListViewController.m */,
			);
			path = Home;
			sourceTree = "<group>";
		};
		B891F65420302E020003584A /* CustomCell */ = {
			isa = PBXGroup;
			children = (
				B8D272AE203089C600343907 /* ListViewCell.h */,
				B8D272AF203089C600343907 /* ListViewCell.m */,
				B8D272B0203089C600343907 /* ListViewCell.xib */,
			);
			path = CustomCell;
			sourceTree = "<group>";
		};
		B891F65E20303EA00003584A /* Model */ = {
			isa = PBXGroup;
			children = (
				B891F65F20303ECB0003584A /* ListDataModel.h */,
				B891F66020303ECB0003584A /* ListDataModel.m */,
			);
			path = Model;
			sourceTree = "<group>";
		};
/* End PBXGroup section */

/* Begin PBXNativeTarget section */
		B891F62320301BCA0003584A /* AboutCanada */ = {
			isa = PBXNativeTarget;
			buildConfigurationList = B891F64520301BCB0003584A /* Build configuration list for PBXNativeTarget "AboutCanada" */;
			buildPhases = (
				B891F62020301BCA0003584A /* Sources */,
				B891F62120301BCA0003584A /* Frameworks */,
				B891F62220301BCA0003584A /* Resources */,
			);
			buildRules = (
			);
			dependencies = (
			);
			name = AboutCanada;
			productName = AboutCanada;
			productReference = B891F62420301BCA0003584A /* AboutCanada.app */;
			productType = "com.apple.product-type.application";
		};
		B891F63B20301BCB0003584A /* AboutCanadaTests */ = {
			isa = PBXNativeTarget;
			buildConfigurationList = B891F64820301BCB0003584A /* Build configuration list for PBXNativeTarget "AboutCanadaTests" */;
			buildPhases = (
				B891F63820301BCB0003584A /* Sources */,
				B891F63920301BCB0003584A /* Frameworks */,
				B891F63A20301BCB0003584A /* Resources */,
			);
			buildRules = (
			);
			dependencies = (
				B891F63E20301BCB0003584A /* PBXTargetDependency */,
			);
			name = AboutCanadaTests;
			productName = AboutCanadaTests;
			productReference = B891F63C20301BCB0003584A /* AboutCanadaTests.xctest */;
			productType = "com.apple.product-type.bundle.unit-test";
		};
/* End PBXNativeTarget section */

/* Begin PBXProject section */
		B891F61C20301BCA0003584A /* Project object */ = {
			isa = PBXProject;
			attributes = {
				LastUpgradeCheck = 0910;
				ORGANIZATIONNAME = Sathish;
				TargetAttributes = {
					B891F62320301BCA0003584A = {
						CreatedOnToolsVersion = 9.1;
						ProvisioningStyle = Automatic;
					};
					B891F63B20301BCB0003584A = {
						CreatedOnToolsVersion = 9.1;
						ProvisioningStyle = Automatic;
						TestTargetID = B891F62320301BCA0003584A;
					};
				};
			};
			buildConfigurationList = B891F61F20301BCA0003584A /* Build configuration list for PBXProject "AboutCanada" */;
			compatibilityVersion = "Xcode 8.0";
			developmentRegion = en;
			hasScannedForEncodings = 0;
			knownRegions = (
				en,
				Base,
			);
			mainGroup = B891F61B20301BCA0003584A;
			productRefGroup = B891F62520301BCA0003584A /* Products */;
			projectDirPath = "";
			projectRoot = "";
			targets = (
				B891F62320301BCA0003584A /* AboutCanada */,
				B891F63B20301BCB0003584A /* AboutCanadaTests */,
			);
		};
/* End PBXProject section */

/* Begin PBXResourcesBuildPhase section */
		B891F62220301BCA0003584A /* Resources */ = {
			isa = PBXResourcesBuildPhase;
			buildActionMask = 2147483647;
			files = (
				B8D272B2203089C600343907 /* ListViewCell.xib in Resources */,
				B891F63420301BCB0003584A /* LaunchScreen.storyboard in Resources */,
				B891F63120301BCB0003584A /* Assets.xcassets in Resources */,
				B891F62F20301BCB0003584A /* Main.storyboard in Resources */,
			);
			runOnlyForDeploymentPostprocessing = 0;
		};
		B891F63A20301BCB0003584A /* Resources */ = {
			isa = PBXResourcesBuildPhase;
			buildActionMask = 2147483647;
			files = (
			);
			runOnlyForDeploymentPostprocessing = 0;
		};
/* End PBXResourcesBuildPhase section */

/* Begin PBXSourcesBuildPhase section */
		B891F62020301BCA0003584A /* Sources */ = {
			isa = PBXSourcesBuildPhase;
			buildActionMask = 2147483647;
			files = (
				B891F63720301BCB0003584A /* main.m in Sources */,
				B891F66120303ECB0003584A /* ListDataModel.m in Sources */,
				B891F62920301BCA0003584A /* AppDelegate.m in Sources */,
				B891F652203026E20003584A /* ListViewController.m in Sources */,
				B8D272B1203089C600343907 /* ListViewCell.m in Sources */,
				B891F64E20301DEE0003584A /* LoginViewController.m in Sources */,
			);
			runOnlyForDeploymentPostprocessing = 0;
		};
		B891F63820301BCB0003584A /* Sources */ = {
			isa = PBXSourcesBuildPhase;
			buildActionMask = 2147483647;
			files = (
				B891F64120301BCB0003584A /* AboutCanadaTests.m in Sources */,
			);
			runOnlyForDeploymentPostprocessing = 0;
		};
/* End PBXSourcesBuildPhase section */

/* Begin PBXTargetDependency section */
		B891F63E20301BCB0003584A /* PBXTargetDependency */ = {
			isa = PBXTargetDependency;
			target = B891F62320301BCA0003584A /* AboutCanada */;
			targetProxy = B891F63D20301BCB0003584A /* PBXContainerItemProxy */;
		};
/* End PBXTargetDependency section */

/* Begin PBXVariantGroup section */
		B891F62D20301BCB0003584A /* Main.storyboard */ = {
			isa = PBXVariantGroup;
			children = (
				B891F62E20301BCB0003584A /* Base */,
			);
			name = Main.storyboard;
			sourceTree = "<group>";
		};
		B891F63220301BCB0003584A /* LaunchScreen.storyboard */ = {
			isa = PBXVariantGroup;
			children = (
				B891F63320301BCB0003584A /* Base */,
			);
			name = LaunchScreen.storyboard;
			sourceTree = "<group>";
		};
/* End PBXVariantGroup section */

/* Begin XCBuildConfiguration section */
		B891F64320301BCB0003584A /* Debug */ = {
			isa = XCBuildConfiguration;
			buildSettings = {
				ALWAYS_SEARCH_USER_PATHS = NO;
				CLANG_ANALYZER_NONNULL = YES;
				CLANG_ANALYZER_NUMBER_OBJECT_CONVERSION = YES_AGGRESSIVE;
				CLANG_CXX_LANGUAGE_STANDARD = "gnu++14";
				CLANG_CXX_LIBRARY = "libc++";
				CLANG_ENABLE_MODULES = YES;
				CLANG_ENABLE_OBJC_ARC = YES;
				CLANG_WARN_BLOCK_CAPTURE_AUTORELEASING = YES;
				CLANG_WARN_BOOL_CONVERSION = YES;
				CLANG_WARN_COMMA = YES;
				CLANG_WARN_CONSTANT_CONVERSION = YES;
				CLANG_WARN_DIRECT_OBJC_ISA_USAGE = YES_ERROR;
				CLANG_WARN_DOCUMENTATION_COMMENTS = YES;
				CLANG_WARN_EMPTY_BODY = YES;
				CLANG_WARN_ENUM_CONVERSION = YES;
				CLANG_WARN_INFINITE_RECURSION = YES;
				CLANG_WARN_INT_CONVERSION = YES;
				CLANG_WARN_NON_LITERAL_NULL_CONVERSION = YES;
				CLANG_WARN_OBJC_LITERAL_CONVERSION = YES;
				CLANG_WARN_OBJC_ROOT_CLASS = YES_ERROR;
				CLANG_WARN_RANGE_LOOP_ANALYSIS = YES;
				CLANG_WARN_STRICT_PROTOTYPES = YES;
				CLANG_WARN_SUSPICIOUS_MOVE = YES;
				CLANG_WARN_UNGUARDED_AVAILABILITY = YES_AGGRESSIVE;
				CLANG_WARN_UNREACHABLE_CODE = YES;
				CLANG_WARN__DUPLICATE_METHOD_MATCH = YES;
				CODE_SIGN_IDENTITY = "iPhone Developer";
				COPY_PHASE_STRIP = NO;
				DEBUG_INFORMATION_FORMAT = dwarf;
				ENABLE_STRICT_OBJC_MSGSEND = YES;
				ENABLE_TESTABILITY = YES;
				GCC_C_LANGUAGE_STANDARD = gnu11;
				GCC_DYNAMIC_NO_PIC = NO;
				GCC_NO_COMMON_BLOCKS = YES;
				GCC_OPTIMIZATION_LEVEL = 0;
				GCC_PREPROCESSOR_DEFINITIONS = (
					"DEBUG=1",
					"$(inherited)",
				);
				GCC_WARN_64_TO_32_BIT_CONVERSION = YES;
				GCC_WARN_ABOUT_RETURN_TYPE = YES_ERROR;
				GCC_WARN_UNDECLARED_SELECTOR = YES;
				GCC_WARN_UNINITIALIZED_AUTOS = YES_AGGRESSIVE;
				GCC_WARN_UNUSED_FUNCTION = YES;
				GCC_WARN_UNUSED_VARIABLE = YES;
				IPHONEOS_DEPLOYMENT_TARGET = 11.1;
				MTL_ENABLE_DEBUG_INFO = YES;
				ONLY_ACTIVE_ARCH = YES;
				SDKROOT = iphoneos;
			};
			name = Debug;
		};
		B891F64420301BCB0003584A /* Release */ = {
			isa = XCBuildConfiguration;
			buildSettings = {
				ALWAYS_SEARCH_USER_PATHS = NO;
				CLANG_ANALYZER_NONNULL = YES;
				CLANG_ANALYZER_NUMBER_OBJECT_CONVERSION = YES_AGGRESSIVE;
				CLANG_CXX_LANGUAGE_STANDARD = "gnu++14";
				CLANG_CXX_LIBRARY = "libc++";
				CLANG_ENABLE_MODULES = YES;
				CLANG_ENABLE_OBJC_ARC = YES;
				CLANG_WARN_BLOCK_CAPTURE_AUTORELEASING = YES;
				CLANG_WARN_BOOL_CONVERSION = YES;
				CLANG_WARN_COMMA = YES;
				CLANG_WARN_CONSTANT_CONVERSION = YES;
				CLANG_WARN_DIRECT_OBJC_ISA_USAGE = YES_ERROR;
				CLANG_WARN_DOCUMENTATION_COMMENTS = YES;
				CLANG_WARN_EMPTY_BODY = YES;
				CLANG_WARN_ENUM_CONVERSION = YES;
				CLANG_WARN_INFINITE_RECURSION = YES;
				CLANG_WARN_INT_CONVERSION = YES;
				CLANG_WARN_NON_LITERAL_NULL_CONVERSION = YES;
				CLANG_WARN_OBJC_LITERAL_CONVERSION = YES;
				CLANG_WARN_OBJC_ROOT_CLASS = YES_ERROR;
				CLANG_WARN_RANGE_LOOP_ANALYSIS = YES;
				CLANG_WARN_STRICT_PROTOTYPES = YES;
				CLANG_WARN_SUSPICIOUS_MOVE = YES;
				CLANG_WARN_UNGUARDED_AVAILABILITY = YES_AGGRESSIVE;
				CLANG_WARN_UNREACHABLE_CODE = YES;
				CLANG_WARN__DUPLICATE_METHOD_MATCH = YES;
				CODE_SIGN_IDENTITY = "iPhone Developer";
				COPY_PHASE_STRIP = NO;
				DEBUG_INFORMATION_FORMAT = "dwarf-with-dsym";
				ENABLE_NS_ASSERTIONS = NO;
				ENABLE_STRICT_OBJC_MSGSEND = YES;
				GCC_C_LANGUAGE_STANDARD = gnu11;
				GCC_NO_COMMON_BLOCKS = YES;
				GCC_WARN_64_TO_32_BIT_CONVERSION = YES;
				GCC_WARN_ABOUT_RETURN_TYPE = YES_ERROR;
				GCC_WARN_UNDECLARED_SELECTOR = YES;
				GCC_WARN_UNINITIALIZED_AUTOS = YES_AGGRESSIVE;
				GCC_WARN_UNUSED_FUNCTION = YES;
				GCC_WARN_UNUSED_VARIABLE = YES;
				IPHONEOS_DEPLOYMENT_TARGET = 11.1;
				MTL_ENABLE_DEBUG_INFO = NO;
				SDKROOT = iphoneos;
				VALIDATE_PRODUCT = YES;
			};
			name = Release;
		};
		B891F64620301BCB0003584A /* Debug */ = {
			isa = XCBuildConfiguration;
			buildSettings = {
				ASSETCATALOG_COMPILER_APPICON_NAME = AppIcon;
				CODE_SIGN_STYLE = Automatic;
				INFOPLIST_FILE = AboutCanada/Info.plist;
				LD_RUNPATH_SEARCH_PATHS = "$(inherited) @executable_path/Frameworks";
				PRODUCT_BUNDLE_IDENTIFIER = sathish.AboutCanada;
				PRODUCT_NAME = "$(TARGET_NAME)";
				TARGETED_DEVICE_FAMILY = "1,2";
			};
			name = Debug;
		};
		B891F64720301BCB0003584A /* Release */ = {
			isa = XCBuildConfiguration;
			buildSettings = {
				ASSETCATALOG_COMPILER_APPICON_NAME = AppIcon;
				CODE_SIGN_STYLE = Automatic;
				INFOPLIST_FILE = AboutCanada/Info.plist;
				LD_RUNPATH_SEARCH_PATHS = "$(inherited) @executable_path/Frameworks";
				PRODUCT_BUNDLE_IDENTIFIER = sathish.AboutCanada;
				PRODUCT_NAME = "$(TARGET_NAME)";
				TARGETED_DEVICE_FAMILY = "1,2";
			};
			name = Release;
		};
		B891F64920301BCB0003584A /* Debug */ = {
			isa = XCBuildConfiguration;
			buildSettings = {
				BUNDLE_LOADER = "$(TEST_HOST)";
				CODE_SIGN_STYLE = Automatic;
				INFOPLIST_FILE = AboutCanadaTests/Info.plist;
				LD_RUNPATH_SEARCH_PATHS = "$(inherited) @executable_path/Frameworks @loader_path/Frameworks";
				PRODUCT_BUNDLE_IDENTIFIER = sathish.AboutCanadaTests;
				PRODUCT_NAME = "$(TARGET_NAME)";
				TARGETED_DEVICE_FAMILY = "1,2";
				TEST_HOST = "$(BUILT_PRODUCTS_DIR)/AboutCanada.app/AboutCanada";
			};
			name = Debug;
		};
		B891F64A20301BCB0003584A /* Release */ = {
			isa = XCBuildConfiguration;
			buildSettings = {
				BUNDLE_LOADER = "$(TEST_HOST)";
				CODE_SIGN_STYLE = Automatic;
				INFOPLIST_FILE = AboutCanadaTests/Info.plist;
				LD_RUNPATH_SEARCH_PATHS = "$(inherited) @executable_path/Frameworks @loader_path/Frameworks";
				PRODUCT_BUNDLE_IDENTIFIER = sathish.AboutCanadaTests;
				PRODUCT_NAME = "$(TARGET_NAME)";
				TARGETED_DEVICE_FAMILY = "1,2";
				TEST_HOST = "$(BUILT_PRODUCTS_DIR)/AboutCanada.app/AboutCanada";
			};
			name = Release;
		};
/* End XCBuildConfiguration section */

/* Begin XCConfigurationList section */
		B891F61F20301BCA0003584A /* Build configuration list for PBXProject "AboutCanada" */ = {
			isa = XCConfigurationList;
			buildConfigurations = (
				B891F64320301BCB0003584A /* Debug */,
				B891F64420301BCB0003584A /* Release */,
			);
			defaultConfigurationIsVisible = 0;
			defaultConfigurationName = Release;
		};
		B891F64520301BCB0003584A /* Build configuration list for PBXNativeTarget "AboutCanada" */ = {
			isa = XCConfigurationList;
			buildConfigurations = (
				B891F64620301BCB0003584A /* Debug */,
				B891F64720301BCB0003584A /* Release */,
			);
			defaultConfigurationIsVisible = 0;
			defaultConfigurationName = Release;
		};
		B891F64820301BCB0003584A /* Build configuration list for PBXNativeTarget "AboutCanadaTests" */ = {
			isa = XCConfigurationList;
			buildConfigurations = (
				B891F64920301BCB0003584A /* Debug */,
				B891F64A20301BCB0003584A /* Release */,
			);
			defaultConfigurationIsVisible = 0;
			defaultConfigurationName = Release;
		};
/* End XCConfigurationList section */
	};
	rootObject = B891F61C20301BCA0003584A /* Project object */;
}
